
Microsoft Visual Studio Solution File, Format Version 12.00
# Visual Studio 2013
VisualStudioVersion = 12.0.21005.1
MinimumVisualStudioVersion = 10.0.40219.1
Project("{FAE04EC0-301F-11D3-BF4B-00C04F79EFBC}") = "Proj3DBAccess", "Proj3DBAccess.csproj", "{2989E65C-635E-4624-8FF4-5E3650692990}"
EndProject
Project("{7CF6DF6D-3B04-46F8-A40B-537D21BCA0B4}") = "Proj3SandCastleDocs", "..\Proj3SandCastleDocs\Proj3SandCastleDocs.shfbproj", "{64ECD127-F2A6-484A-9893-4F75163A90A7}"
	ProjectSection(ProjectDependencies) = postProject
		{B2CA7957-25E7-4EBE-8DA0-8F93F3C33902} = {B2CA7957-25E7-4EBE-8DA0-8F93F3C33902}
		{2989E65C-635E-4624-8FF4-5E3650692990} = {2989E65C-635E-4624-8FF4-5E3650692990}
	EndProjectSection
EndProject
Project("{2150E333-8FDC-42A3-9474-1A3956D46DE8}") = ".nuget", ".nuget", "{D02E0AB0-6226-4EFF-A81D-23EF34ACF7B8}"
	ProjectSection(SolutionItems) = preProject
		.nuget\NuGet.Config = .nuget\NuGet.Config
		.nuget\NuGet.exe = .nuget\NuGet.exe
		.nuget\NuGet.targets = .nuget\NuGet.targets
	EndProjectSection
EndProject
Project("{FAE04EC0-301F-11D3-BF4B-00C04F79EFBC}") = "Proj3UnitTesting", "..\Proj3UnitTesting\Proj3UnitTesting.csproj", "{B2CA7957-25E7-4EBE-8DA0-8F93F3C33902}"
EndProject
Global
	GlobalSection(TeamFoundationVersionControl) = preSolution
		SccNumberOfProjects = 4
		SccEnterpriseProvider = {4CA58AB2-18FA-4F8D-95D4-32DDF27D184C}
		SccTeamFoundationServer = https://slimbabay.visualstudio.com/defaultcollection
		SccLocalPath0 = .
		SccProjectUniqueName1 = Proj3DBAccess.csproj
		SccLocalPath1 = .
		SccProjectUniqueName2 = ..\\Proj3SandCastleDocs\\Proj3SandCastleDocs.shfbproj
		SccProjectName2 = ../Proj3SandCastleDocs
		SccLocalPath2 = ..\\Proj3SandCastleDocs
		SccProjectUniqueName3 = ..\\Proj3UnitTesting\\Proj3UnitTesting.csproj
		SccProjectName3 = ../Proj3UnitTesting
		SccLocalPath3 = ..\\Proj3UnitTesting
	EndGlobalSection
	GlobalSection(SolutionConfigurationPlatforms) = preSolution
		Debug|Any CPU = Debug|Any CPU
		Debug|x64 = Debug|x64
		Debug|x86 = Debug|x86
		Release|Any CPU = Release|Any CPU
		Release|x64 = Release|x64
		Release|x86 = Release|x86
	EndGlobalSection
	GlobalSection(ProjectConfigurationPlatforms) = postSolution
		{2989E65C-635E-4624-8FF4-5E3650692990}.Debug|Any CPU.ActiveCfg = Debug|Any CPU
		{2989E65C-635E-4624-8FF4-5E3650692990}.Debug|Any CPU.Build.0 = Debug|Any CPU
		{2989E65C-635E-4624-8FF4-5E3650692990}.Debug|x64.ActiveCfg = Debug|x64
		{2989E65C-635E-4624-8FF4-5E3650692990}.Debug|x64.Build.0 = Debug|x64
		{2989E65C-635E-4624-8FF4-5E3650692990}.Debug|x86.ActiveCfg = Debug|x86
		{2989E65C-635E-4624-8FF4-5E3650692990}.Debug|x86.Build.0 = Debug|x86
		{2989E65C-635E-4624-8FF4-5E3650692990}.Release|Any CPU.ActiveCfg = Release|Any CPU
		{2989E65C-635E-4624-8FF4-5E3650692990}.Release|Any CPU.Build.0 = Release|Any CPU
		{2989E65C-635E-4624-8FF4-5E3650692990}.Release|x64.ActiveCfg = Release|x64
		{2989E65C-635E-4624-8FF4-5E3650692990}.Release|x64.Build.0 = Release|x64
		{2989E65C-635E-4624-8FF4-5E3650692990}.Release|x86.ActiveCfg = Release|x86
		{2989E65C-635E-4624-8FF4-5E3650692990}.Release|x86.Build.0 = Release|x86
		{64ECD127-F2A6-484A-9893-4F75163A90A7}.Debug|Any CPU.ActiveCfg = Debug|Any CPU
		{64ECD127-F2A6-484A-9893-4F75163A90A7}.Debug|x64.ActiveCfg = Debug|Any CPU
		{64ECD127-F2A6-484A-9893-4F75163A90A7}.Debug|x64.Build.0 = Debug|Any CPU
		{64ECD127-F2A6-484A-9893-4F75163A90A7}.Debug|x86.ActiveCfg = Debug|Any CPU
		{64ECD127-F2A6-484A-9893-4F75163A90A7}.Debug|x86.Build.0 = Debug|Any CPU
		{64ECD127-F2A6-484A-9893-4F75163A90A7}.Release|Any CPU.ActiveCfg = Release|Any CPU
		{64ECD127-F2A6-484A-9893-4F75163A90A7}.Release|Any CPU.Build.0 = Release|Any CPU
		{64ECD127-F2A6-484A-9893-4F75163A90A7}.Release|x64.ActiveCfg = Release|Any CPU
		{64ECD127-F2A6-484A-9893-4F75163A90A7}.Release|x86.ActiveCfg = Release|Any CPU
		{B2CA7957-25E7-4EBE-8DA0-8F93F3C33902}.Debug|Any CPU.ActiveCfg = Debug|Any CPU
		{B2CA7957-25E7-4EBE-8DA0-8F93F3C33902}.Debug|Any CPU.Build.0 = Debug|Any CPU
		{B2CA7957-25E7-4EBE-8DA0-8F93F3C33902}.Debug|x64.ActiveCfg = Debug|x64
		{B2CA7957-25E7-4EBE-8DA0-8F93F3C33902}.Debug|x64.Build.0 = Debug|x64
		{B2CA7957-25E7-4EBE-8DA0-8F93F3C33902}.Debug|x86.ActiveCfg = Debug|x86
		{B2CA7957-25E7-4EBE-8DA0-8F93F3C33902}.Debug|x86.Build.0 = Debug|x86
		{B2CA7957-25E7-4EBE-8DA0-8F93F3C33902}.Release|Any CPU.ActiveCfg = Release|Any CPU
		{B2CA7957-25E7-4EBE-8DA0-8F93F3C33902}.Release|Any CPU.Build.0 = Release|Any CPU
		{B2CA7957-25E7-4EBE-8DA0-8F93F3C33902}.Release|x64.ActiveCfg = Release|x64
		{B2CA7957-25E7-4EBE-8DA0-8F93F3C33902}.Release|x64.Build.0 = Release|x64
		{B2CA7957-25E7-4EBE-8DA0-8F93F3C33902}.Release|x86.ActiveCfg = Release|x86
		{B2CA7957-25E7-4EBE-8DA0-8F93F3C33902}.Release|x86.Build.0 = Release|x86
	EndGlobalSection
	GlobalSection(SolutionProperties) = preSolution
		HideSolutionNode = FALSE
	EndGlobalSection
EndGlobal
